
Microsoft Visual Studio Solution File, Format Version 12.00
# Visual Studio Version 17
VisualStudioVersion = 17.1.32328.378
MinimumVisualStudioVersion = 10.0.40219.1
Project("{FAE04EC0-301F-11D3-BF4B-00C04F79EFBC}") = "HelloWorld", "HelloWorld\HelloWorld.csproj", "{104943F0-F5D6-448F-A37F-40B0A5733728}"
EndProject
Global
	GlobalSection(SolutionConfigurationPlatforms) = preSolution
		Debug|Any CPU = Debug|Any CPU
		Release|Any CPU = Release|Any CPU
	EndGlobalSection
	GlobalSection(ProjectConfigurationPlatforms) = postSolution
		{104943F0-F5D6-448F-A37F-40B0A5733728}.Debug|Any CPU.ActiveCfg = Debug|Any CPU
		{104943F0-F5D6-448F-A37F-40B0A5733728}.Debug|Any CPU.Build.0 = Debug|Any CPU
		{104943F0-F5D6-448F-A37F-40B0A5733728}.Release|Any CPU.ActiveCfg = Release|Any CPU
		{104943F0-F5D6-448F-A37F-40B0A5733728}.Release|Any CPU.Build.0 = Release|Any CPU
	EndGlobalSection
	GlobalSection(SolutionProperties) = preSolution
		HideSolutionNode = FALSE
	EndGlobalSection
	GlobalSection(ExtensibilityGlobals) = postSolution
		SolutionGuid = {643CBAC3-4FA1-4014-8519-B858941AFEB5}
	EndGlobalSection
EndGlobal
